
Microsoft Visual Studio Solution File, Format Version 12.00
# Visual Studio Version 17
VisualStudioVersion = 17.5.002.0
MinimumVisualStudioVersion = 10.0.40219.1
Project("{9A19103F-16F7-4668-BE54-9A1E7A4F7556}") = "CarApi", "CarApi.csproj", "{C0A98E5F-64CC-4329-B965-5E775E5150C6}"
EndProject
Global
	GlobalSection(SolutionConfigurationPlatforms) = preSolution
		Debug|Any CPU = Debug|Any CPU
		Release|Any CPU = Release|Any CPU
	EndGlobalSection
	GlobalSection(ProjectConfigurationPlatforms) = postSolution
		{C0A98E5F-64CC-4329-B965-5E775E5150C6}.Debug|Any CPU.ActiveCfg = Debug|Any CPU
		{C0A98E5F-64CC-4329-B965-5E775E5150C6}.Debug|Any CPU.Build.0 = Debug|Any CPU
		{C0A98E5F-64CC-4329-B965-5E775E5150C6}.Release|Any CPU.ActiveCfg = Release|Any CPU
		{C0A98E5F-64CC-4329-B965-5E775E5150C6}.Release|Any CPU.Build.0 = Release|Any CPU
	EndGlobalSection
	GlobalSection(SolutionProperties) = preSolution
		HideSolutionNode = FALSE
	EndGlobalSection
	GlobalSection(ExtensibilityGlobals) = postSolution
		SolutionGuid = {469A0814-0C69-43DB-8F6C-9096F059C550}
	EndGlobalSection
EndGlobal
